
Microsoft Visual Studio Solution File, Format Version 11.00
# Visual Studio 2010
Project("{FAE04EC0-301F-11D3-BF4B-00C04F79EFBC}") = "Optirol", "Optirol.csproj", "{F2155386-25BD-4CE3-96C3-A3AD6CC7B8C8}"
EndProject
Global
	GlobalSection(SolutionConfigurationPlatforms) = preSolution
		Debug|Any CPU = Debug|Any CPU
		Release|Any CPU = Release|Any CPU
	EndGlobalSection
	GlobalSection(ProjectConfigurationPlatforms) = postSolution
		{F2155386-25BD-4CE3-96C3-A3AD6CC7B8C8}.Debug|Any CPU.ActiveCfg = Debug|Any CPU
		{F2155386-25BD-4CE3-96C3-A3AD6CC7B8C8}.Debug|Any CPU.Build.0 = Debug|Any CPU
		{F2155386-25BD-4CE3-96C3-A3AD6CC7B8C8}.Release|Any CPU.ActiveCfg = Release|Any CPU
		{F2155386-25BD-4CE3-96C3-A3AD6CC7B8C8}.Release|Any CPU.Build.0 = Release|Any CPU
	EndGlobalSection
	GlobalSection(SolutionProperties) = preSolution
		HideSolutionNode = FALSE
	EndGlobalSection
EndGlobal
